
Microsoft Visual Studio Solution File, Format Version 12.00
# Visual Studio Version 17
VisualStudioVersion = 17.10.35004.147
MinimumVisualStudioVersion = 10.0.40219.1
Project("{8BC9CEB8-8B4A-11D0-8D11-00A0C91BC942}") = "125.Valid-Palindrome", "125.Valid-Palindrome\125.Valid-Palindrome.vcxproj", "{D0E73CA9-A860-4CE6-BE1D-D8F862491002}"
EndProject
Project("{8BC9CEB8-8B4A-11D0-8D11-00A0C91BC942}") = "1.Two-Sum", "1.Two-Sum\1.Two-Sum.vcxproj", "{52A51C01-9D57-4C20-8B57-63F0432BFC98}"
EndProject
Project("{8BC9CEB8-8B4A-11D0-8D11-00A0C91BC942}") = "9.Palindrome-Number", "9.Palindrome-Number\9.Palindrome-Number.vcxproj", "{CC5976B5-4462-43B5-B865-7C63E5CDF454}"
EndProject
Project("{8BC9CEB8-8B4A-11D0-8D11-00A0C91BC942}") = "13.Roman-to-Integer", "13.Roman-to-Integer\13.Roman-to-Integer.vcxproj", "{A3482ACC-9A47-4ECB-A99E-7DB085495A8B}"
EndProject
Project("{8BC9CEB8-8B4A-11D0-8D11-00A0C91BC942}") = "20.Valid-Parentheses", "20.Valid-Parentheses\20.Valid-Parentheses.vcxproj", "{B228F7D3-88D2-4088-9663-4CD718DB3E87}"
EndProject
Project("{8BC9CEB8-8B4A-11D0-8D11-00A0C91BC942}") = "21.Merge-Two-Sorted-Lists", "21.Merge-Two-Sorted-Lists\21.Merge-Two-Sorted-Lists.vcxproj", "{13923645-1DC3-42D8-AD66-7A87003B6518}"
EndProject
Project("{8BC9CEB8-8B4A-11D0-8D11-00A0C91BC942}") = "26.Remove-Duplicates-from-Sorted-Array", "26.Remove-Duplicates-from-Sorted-Array\26.Remove-Duplicates-from-Sorted-Array.vcxproj", "{A1200E36-64D4-4824-A95E-0C0F236D1602}"
EndProject
Project("{8BC9CEB8-8B4A-11D0-8D11-00A0C91BC942}") = "27.Remove-Element", "27.Remove-Element\27.Remove-Element.vcxproj", "{1377FD69-8B83-4DD9-9F3B-584A65C0215A}"
EndProject
Project("{8BC9CEB8-8B4A-11D0-8D11-00A0C91BC942}") = "28.Find-the-Index-of-the-Occurrence-in-a-String", "28.Find-the-Index-of-the-Occurrence-in-a-String\28.Find-the-Index-of-the-Occurrence-in-a-String.vcxproj", "{8E5C7792-7482-4783-8BDB-EBB60E3A9119}"
EndProject
Project("{8BC9CEB8-8B4A-11D0-8D11-00A0C91BC942}") = "35.Search-Insert-Position", "35.Search-Insert-Position\35.Search-Insert-Position.vcxproj", "{F860045D-19FD-4D45-AA8D-535C2E211979}"
EndProject
Project("{8BC9CEB8-8B4A-11D0-8D11-00A0C91BC942}") = "50.Pow(x,n)", "50.Pow(x,n)\50.Pow(x,n).vcxproj", "{3E5EBDDF-BBE5-4D0A-8136-8AC12A949E1C}"
EndProject
Project("{8BC9CEB8-8B4A-11D0-8D11-00A0C91BC942}") = "66.Plus-One", "66.Plus-One\66.Plus-One.vcxproj", "{F88B70AB-3B90-49B6-A765-274EA30B0AAE}"
EndProject
Project("{8BC9CEB8-8B4A-11D0-8D11-00A0C91BC942}") = "88.Merge-Sorted-Array", "88.Merge-Sorted-Array\88.Merge-Sorted-Array.vcxproj", "{2E76F34A-741D-49D7-8C5D-68450B4BC39D}"
EndProject
Project("{8BC9CEB8-8B4A-11D0-8D11-00A0C91BC942}") = "118.Pascal's-Triangle", "118.Pascal's-Triangle\118.Pascal's-Triangle.vcxproj", "{74374DBC-AFC4-4265-AF74-EC9B33186319}"
EndProject
Project("{8BC9CEB8-8B4A-11D0-8D11-00A0C91BC942}") = "136.Single-Number", "136.Single-Number\136.Single-Number.vcxproj", "{0A3B5BC9-8CD3-4EFD-8559-FCD8E7DC971D}"
EndProject
Project("{8BC9CEB8-8B4A-11D0-8D11-00A0C91BC942}") = "169.Majority-Element", "169.Majority-Element\169.Majority-Element.vcxproj", "{A72297C9-DC86-4180-8F0A-4A5AB2D3D173}"
EndProject
Project("{8BC9CEB8-8B4A-11D0-8D11-00A0C91BC942}") = "203.Remove-Linked-List-Elements", "203.Remove-Linked-List-Elements\203.Remove-Linked-List-Elements.vcxproj", "{36C2BE02-7572-4C4F-9955-B2726673AE91}"
EndProject
Project("{8BC9CEB8-8B4A-11D0-8D11-00A0C91BC942}") = "206.Reverse-Linked-List", "206.Reverse-Linked-List\206.Reverse-Linked-List.vcxproj", "{D08330F4-B81B-4ADD-B847-142F5F673E20}"
EndProject
Project("{8BC9CEB8-8B4A-11D0-8D11-00A0C91BC942}") = "231.Power-of-Two", "231.Power-of-Two\231.Power-of-Two.vcxproj", "{13EC0E58-5BFA-4453-A972-B65973D4F6AF}"
EndProject
Project("{8BC9CEB8-8B4A-11D0-8D11-00A0C91BC942}") = "234.Palindrome-Linked-List", "234.Palindrome-Linked-List\234.Palindrome-Linked-List.vcxproj", "{17B94DD0-C0F3-4241-8B11-227624CC6FB0}"
EndProject
Project("{8BC9CEB8-8B4A-11D0-8D11-00A0C91BC942}") = "242.Valid-Anagram", "242.Valid-Anagram\242.Valid-Anagram.vcxproj", "{C86C35A5-56BF-4DF8-AA00-E1DB64FF9750}"
EndProject
Project("{8BC9CEB8-8B4A-11D0-8D11-00A0C91BC942}") = "268.Missing-Number", "268.Missing-Number\268.Missing-Number.vcxproj", "{2D6B3D8C-8902-4881-B638-91DE07C4894C}"
EndProject
Project("{8BC9CEB8-8B4A-11D0-8D11-00A0C91BC942}") = "283.Move-Zeroes", "283.Move-Zeroes\283.Move-Zeroes.vcxproj", "{38653546-5135-4910-BA1B-E99F35C4AB87}"
EndProject
Project("{8BC9CEB8-8B4A-11D0-8D11-00A0C91BC942}") = "326.Power-of-Three", "326.Power-of-Three\326.Power-of-Three.vcxproj", "{54BC809F-D2E3-4F62-A0CA-FFAC704F3129}"
EndProject
Project("{8BC9CEB8-8B4A-11D0-8D11-00A0C91BC942}") = "342.Power-of-Four", "342.Power-of-Four\342.Power-of-Four.vcxproj", "{6D250F5B-1787-4FB5-9AD1-DB2F42D47B00}"
EndProject
Project("{8BC9CEB8-8B4A-11D0-8D11-00A0C91BC942}") = "344.Reverse-String", "344.Reverse-String\344.Reverse-String.vcxproj", "{526468EC-660E-470C-9FF7-9D04051EB5F3}"
EndProject
Project("{8BC9CEB8-8B4A-11D0-8D11-00A0C91BC942}") = "349.Intersection-of-Two-Arrays", "349.Intersection-of-Two-Arrays\349.Intersection-of-Two-Arrays.vcxproj", "{F88CB474-01FB-4E49-97CA-1E8AAEFB744C}"
EndProject
Project("{8BC9CEB8-8B4A-11D0-8D11-00A0C91BC942}") = "509.Fibonacci-Number", "509.Fibonacci-Number\509.Fibonacci-Number.vcxproj", "{76260400-4696-4257-BC0C-DF7F79597D61}"
EndProject
Project("{8BC9CEB8-8B4A-11D0-8D11-00A0C91BC942}") = "557.Reverse-Words-in-a-String-III", "557.Reverse-Words-in-a-String-III\557.Reverse-Words-in-a-String-III.vcxproj", "{2AE22E21-7340-4E9B-A899-6FB83B994B0C}"
EndProject
Project("{8BC9CEB8-8B4A-11D0-8D11-00A0C91BC942}") = "832.Flipping-an-Image", "832.Flipping-an-Image\832.Flipping-an-Image.vcxproj", "{CCD3DC25-555B-4D2E-9F2A-1FB1F97C35AA}"
EndProject
Project("{8BC9CEB8-8B4A-11D0-8D11-00A0C91BC942}") = "844.Backspace-String-Compare", "844.Backspace-String-Compare\844.Backspace-String-Compare.vcxproj", "{DE58D53D-1422-4DB2-AA90-DF13B6D7CF5C}"
EndProject
Project("{8BC9CEB8-8B4A-11D0-8D11-00A0C91BC942}") = "876.Midlde-of-the-Linked-List", "876.Midlde-of-the-Linked-List\876.Midlde-of-the-Linked-List.vcxproj", "{B49EEAD0-BDD8-4F61-8AD2-C26689021BC9}"
EndProject
Project("{8BC9CEB8-8B4A-11D0-8D11-00A0C91BC942}") = "905.Sort-Array-By-Parity", "905.Sort-Array-By-Parity\905.Sort-Array-By-Parity.vcxproj", "{CAEECDA0-077A-4EB2-882F-2A136CDB588E}"
EndProject
Project("{8BC9CEB8-8B4A-11D0-8D11-00A0C91BC942}") = "942.DI-String-Match", "942.DI-String-Match\942.DI-String-Match.vcxproj", "{57CBD55A-99C6-48D5-8E2F-36A0C95AA3D6}"
EndProject
Project("{8BC9CEB8-8B4A-11D0-8D11-00A0C91BC942}") = "977.Squares-of-a-Sorted-Array", "977.Squares-of-a-Sorted-Array\977.Squares-of-a-Sorted-Array.vcxproj", "{33324065-E8D0-4F22-B94F-92CB0875B11C}"
EndProject
Project("{8BC9CEB8-8B4A-11D0-8D11-00A0C91BC942}") = "1431.Kids-With-the-Greatest-Number-of-Candies", "1431.Kids-With-the-Greatest-Number-of-Candies\1431.Kids-With-the-Greatest-Number-of-Candies.vcxproj", "{8CBB0E27-9AA8-4E77-8C14-2A938215E607}"
EndProject
Project("{8BC9CEB8-8B4A-11D0-8D11-00A0C91BC942}") = "1470.Shuffle-the-Array", "1470.Shuffle-the-Array\1470.Shuffle-the-Array.vcxproj", "{3225691F-B799-40FA-98C1-636203C5CED0}"
EndProject
Project("{8BC9CEB8-8B4A-11D0-8D11-00A0C91BC942}") = "1512.Number-of-Good-Pairs", "1512.Number-of-Good-Pairs\1512.Number-of-Good-Pairs.vcxproj", "{FA28D701-DF75-4F93-8373-48640F58C86E}"
EndProject
Project("{8BC9CEB8-8B4A-11D0-8D11-00A0C91BC942}") = "1528.Shuffle-String", "1528.Shuffle-String\1528.Shuffle-String.vcxproj", "{FCA6D0E3-6455-4E4D-9E79-DAA46E57002E}"
EndProject
Project("{8BC9CEB8-8B4A-11D0-8D11-00A0C91BC942}") = "1768.Merge-Strings-Alternately", "1768.Merge-Strings-Alternately\1768.Merge-Strings-Alternately.vcxproj", "{B74773E0-87AD-4893-A655-084A2D78509B}"
EndProject
Project("{8BC9CEB8-8B4A-11D0-8D11-00A0C91BC942}") = "1920.Build-Array-from-Permutation", "1920.Build-Array-from-Permutation\1920.Build-Array-from-Permutation.vcxproj", "{2D9D4057-FCE2-4AEA-9B72-BE6D30ECA056}"
EndProject
Project("{8BC9CEB8-8B4A-11D0-8D11-00A0C91BC942}") = "1929.Concatenation-of-Array", "1929.Concatenation-of-Array\1929.Concatenation-of-Array.vcxproj", "{8B79C8C9-1306-4C27-8986-8734FB28814E}"
EndProject
Project("{8BC9CEB8-8B4A-11D0-8D11-00A0C91BC942}") = "2000.Reverse-Prefix-of-Word", "2000.Reverse-Prefix-of-Word\2000.Reverse-Prefix-of-Word.vcxproj", "{D38938A2-12FF-4ED2-A01D-76A43DC3CCE7}"
EndProject
Project("{8BC9CEB8-8B4A-11D0-8D11-00A0C91BC942}") = "2011.Final-Value-of-Variable-After-Performing-Operations", "2011.Final-Value-of-Variable-After-Performing-Operations\2011.Final-Value-of-Variable-After-Performing-Operations.vcxproj", "{C018D19F-089A-42F7-B325-7C3A36B23B17}"
EndProject
Project("{8BC9CEB8-8B4A-11D0-8D11-00A0C91BC942}") = "2108.Find-First-Palindrome-String-in-the-Array", "2108.Find-First-Palindrome-String-in-the-Array\2108.Find-First-Palindrome-String-in-the-Array.vcxproj", "{F58F3F68-FA16-4AF8-B644-2797A9ECF69A}"
EndProject
Project("{8BC9CEB8-8B4A-11D0-8D11-00A0C91BC942}") = "2441.Largest-Positive-Integer-That-Exist-With-Its-Negative", "2441.Largest-Positive-Integer-That-Exist-With-Its-Negative\2441.Largest-Positive-Integer-That-Exist-With-Its-Negative.vcxproj", "{27C55C77-B234-4F42-B5FB-86D89D3F0906}"
EndProject
Project("{8BC9CEB8-8B4A-11D0-8D11-00A0C91BC942}") = "2697.Lexicographically-Smallest-Palindrome", "2697.Lexicographically-Smallest-Palindrome\2697.Lexicographically-Smallest-Palindrome.vcxproj", "{FD5B74DA-A4C8-4E8C-ABA8-7E7B840A1B4F}"
EndProject
Project("{8BC9CEB8-8B4A-11D0-8D11-00A0C91BC942}") = "2798.Number-of-Employees-Who-Met-the-Target", "2798.Number-of-Employees-Who-Met-the-Target\2798.Number-of-Employees-Who-Met-the-Target.vcxproj", "{9FD18C04-8164-4EDA-97A5-EC599FF8C3B5}"
EndProject
Project("{8BC9CEB8-8B4A-11D0-8D11-00A0C91BC942}") = "2942.Find-Words-Containing-Character", "2942.Find-Words-Containing-Character\2942.Find-Words-Containing-Character.vcxproj", "{DD1BA105-4D0B-4AB1-B8CD-4D264FAC4F73}"
EndProject
Project("{8BC9CEB8-8B4A-11D0-8D11-00A0C91BC942}") = "3024.Type-of-Triangle", "3024.Type-of-Triangle\3024.Type-of-Triangle.vcxproj", "{51EC6B71-196A-465F-ADC5-DB8A236FB8AA}"
EndProject
Project("{8BC9CEB8-8B4A-11D0-8D11-00A0C91BC942}") = "3162.Find-the-Number-of-Good-Pairs-I", "3162.Find-the-Number-of-Good-Pairs-I\3162.Find-the-Number-of-Good-Pairs-I.vcxproj", "{BFC55C4F-A6C5-43ED-B213-1129BC9C9241}"
EndProject
Project("{8BC9CEB8-8B4A-11D0-8D11-00A0C91BC942}") = "1365.How-Many-Numbers-Are-Smaller-Than-the-Current-Number", "1365.How-Many-Numbers-Are-Smaller-Than-the-Current-Number\1365.How-Many-Numbers-Are-Smaller-Than-the-Current-Number.vcxproj", "{51AF68AB-9C85-461C-B083-B68B2A032588}"
EndProject
Project("{8BC9CEB8-8B4A-11D0-8D11-00A0C91BC942}") = "2006.Count-Number-of-Pairs-With-Absolute-Difference-K", "2006.Count-Number-of-Pairs-With-Absolute-Difference-K\2006.Count-Number-of-Pairs-With-Absolute-Difference-K.vcxproj", "{BEC91414-AA1B-47CC-B20C-40CB97AB309E}"
EndProject
Project("{8BC9CEB8-8B4A-11D0-8D11-00A0C91BC942}") = "3184.Count-Pairs-That-From-a-Complete-Day-I", "3184.Count-Pairs-That-From-a-Complete-Day-I\3184.Count-Pairs-That-From-a-Complete-Day-I.vcxproj", "{A06CCE73-6EFC-4B52-817D-998C640E82C7}"
EndProject
Project("{8BC9CEB8-8B4A-11D0-8D11-00A0C91BC942}") = "3005.Count-Elements-With-Maximum-Frequency", "3005.Count-Elements-With-Maximum-Frequency\3005.Count-Elements-With-Maximum-Frequency.vcxproj", "{6C8D35D0-D5DC-490A-96EE-BB61C0D32E49}"
EndProject
Global
	GlobalSection(SolutionConfigurationPlatforms) = preSolution
		Debug|x64 = Debug|x64
		Debug|x86 = Debug|x86
		Release|x64 = Release|x64
		Release|x86 = Release|x86
	EndGlobalSection
	GlobalSection(ProjectConfigurationPlatforms) = postSolution
		{D0E73CA9-A860-4CE6-BE1D-D8F862491002}.Debug|x64.ActiveCfg = Debug|x64
		{D0E73CA9-A860-4CE6-BE1D-D8F862491002}.Debug|x64.Build.0 = Debug|x64
		{D0E73CA9-A860-4CE6-BE1D-D8F862491002}.Debug|x86.ActiveCfg = Debug|Win32
		{D0E73CA9-A860-4CE6-BE1D-D8F862491002}.Debug|x86.Build.0 = Debug|Win32
		{D0E73CA9-A860-4CE6-BE1D-D8F862491002}.Release|x64.ActiveCfg = Release|x64
		{D0E73CA9-A860-4CE6-BE1D-D8F862491002}.Release|x64.Build.0 = Release|x64
		{D0E73CA9-A860-4CE6-BE1D-D8F862491002}.Release|x86.ActiveCfg = Release|Win32
		{D0E73CA9-A860-4CE6-BE1D-D8F862491002}.Release|x86.Build.0 = Release|Win32
		{52A51C01-9D57-4C20-8B57-63F0432BFC98}.Debug|x64.ActiveCfg = Debug|x64
		{52A51C01-9D57-4C20-8B57-63F0432BFC98}.Debug|x64.Build.0 = Debug|x64
		{52A51C01-9D57-4C20-8B57-63F0432BFC98}.Debug|x86.ActiveCfg = Debug|Win32
		{52A51C01-9D57-4C20-8B57-63F0432BFC98}.Debug|x86.Build.0 = Debug|Win32
		{52A51C01-9D57-4C20-8B57-63F0432BFC98}.Release|x64.ActiveCfg = Release|x64
		{52A51C01-9D57-4C20-8B57-63F0432BFC98}.Release|x64.Build.0 = Release|x64
		{52A51C01-9D57-4C20-8B57-63F0432BFC98}.Release|x86.ActiveCfg = Release|Win32
		{52A51C01-9D57-4C20-8B57-63F0432BFC98}.Release|x86.Build.0 = Release|Win32
		{CC5976B5-4462-43B5-B865-7C63E5CDF454}.Debug|x64.ActiveCfg = Debug|x64
		{CC5976B5-4462-43B5-B865-7C63E5CDF454}.Debug|x64.Build.0 = Debug|x64
		{CC5976B5-4462-43B5-B865-7C63E5CDF454}.Debug|x86.ActiveCfg = Debug|Win32
		{CC5976B5-4462-43B5-B865-7C63E5CDF454}.Debug|x86.Build.0 = Debug|Win32
		{CC5976B5-4462-43B5-B865-7C63E5CDF454}.Release|x64.ActiveCfg = Release|x64
		{CC5976B5-4462-43B5-B865-7C63E5CDF454}.Release|x64.Build.0 = Release|x64
		{CC5976B5-4462-43B5-B865-7C63E5CDF454}.Release|x86.ActiveCfg = Release|Win32
		{CC5976B5-4462-43B5-B865-7C63E5CDF454}.Release|x86.Build.0 = Release|Win32
		{A3482ACC-9A47-4ECB-A99E-7DB085495A8B}.Debug|x64.ActiveCfg = Debug|x64
		{A3482ACC-9A47-4ECB-A99E-7DB085495A8B}.Debug|x64.Build.0 = Debug|x64
		{A3482ACC-9A47-4ECB-A99E-7DB085495A8B}.Debug|x86.ActiveCfg = Debug|Win32
		{A3482ACC-9A47-4ECB-A99E-7DB085495A8B}.Debug|x86.Build.0 = Debug|Win32
		{A3482ACC-9A47-4ECB-A99E-7DB085495A8B}.Release|x64.ActiveCfg = Release|x64
		{A3482ACC-9A47-4ECB-A99E-7DB085495A8B}.Release|x64.Build.0 = Release|x64
		{A3482ACC-9A47-4ECB-A99E-7DB085495A8B}.Release|x86.ActiveCfg = Release|Win32
		{A3482ACC-9A47-4ECB-A99E-7DB085495A8B}.Release|x86.Build.0 = Release|Win32
		{B228F7D3-88D2-4088-9663-4CD718DB3E87}.Debug|x64.ActiveCfg = Debug|x64
		{B228F7D3-88D2-4088-9663-4CD718DB3E87}.Debug|x64.Build.0 = Debug|x64
		{B228F7D3-88D2-4088-9663-4CD718DB3E87}.Debug|x86.ActiveCfg = Debug|Win32
		{B228F7D3-88D2-4088-9663-4CD718DB3E87}.Debug|x86.Build.0 = Debug|Win32
		{B228F7D3-88D2-4088-9663-4CD718DB3E87}.Release|x64.ActiveCfg = Release|x64
		{B228F7D3-88D2-4088-9663-4CD718DB3E87}.Release|x64.Build.0 = Release|x64
		{B228F7D3-88D2-4088-9663-4CD718DB3E87}.Release|x86.ActiveCfg = Release|Win32
		{B228F7D3-88D2-4088-9663-4CD718DB3E87}.Release|x86.Build.0 = Release|Win32
		{13923645-1DC3-42D8-AD66-7A87003B6518}.Debug|x64.ActiveCfg = Debug|x64
		{13923645-1DC3-42D8-AD66-7A87003B6518}.Debug|x64.Build.0 = Debug|x64
		{13923645-1DC3-42D8-AD66-7A87003B6518}.Debug|x86.ActiveCfg = Debug|Win32
		{13923645-1DC3-42D8-AD66-7A87003B6518}.Debug|x86.Build.0 = Debug|Win32
		{13923645-1DC3-42D8-AD66-7A87003B6518}.Release|x64.ActiveCfg = Release|x64
		{13923645-1DC3-42D8-AD66-7A87003B6518}.Release|x64.Build.0 = Release|x64
		{13923645-1DC3-42D8-AD66-7A87003B6518}.Release|x86.ActiveCfg = Release|Win32
		{13923645-1DC3-42D8-AD66-7A87003B6518}.Release|x86.Build.0 = Release|Win32
		{A1200E36-64D4-4824-A95E-0C0F236D1602}.Debug|x64.ActiveCfg = Debug|x64
		{A1200E36-64D4-4824-A95E-0C0F236D1602}.Debug|x64.Build.0 = Debug|x64
		{A1200E36-64D4-4824-A95E-0C0F236D1602}.Debug|x86.ActiveCfg = Debug|Win32
		{A1200E36-64D4-4824-A95E-0C0F236D1602}.Debug|x86.Build.0 = Debug|Win32
		{A1200E36-64D4-4824-A95E-0C0F236D1602}.Release|x64.ActiveCfg = Release|x64
		{A1200E36-64D4-4824-A95E-0C0F236D1602}.Release|x64.Build.0 = Release|x64
		{A1200E36-64D4-4824-A95E-0C0F236D1602}.Release|x86.ActiveCfg = Release|Win32
		{A1200E36-64D4-4824-A95E-0C0F236D1602}.Release|x86.Build.0 = Release|Win32
		{1377FD69-8B83-4DD9-9F3B-584A65C0215A}.Debug|x64.ActiveCfg = Debug|x64
		{1377FD69-8B83-4DD9-9F3B-584A65C0215A}.Debug|x64.Build.0 = Debug|x64
		{1377FD69-8B83-4DD9-9F3B-584A65C0215A}.Debug|x86.ActiveCfg = Debug|Win32
		{1377FD69-8B83-4DD9-9F3B-584A65C0215A}.Debug|x86.Build.0 = Debug|Win32
		{1377FD69-8B83-4DD9-9F3B-584A65C0215A}.Release|x64.ActiveCfg = Release|x64
		{1377FD69-8B83-4DD9-9F3B-584A65C0215A}.Release|x64.Build.0 = Release|x64
		{1377FD69-8B83-4DD9-9F3B-584A65C0215A}.Release|x86.ActiveCfg = Release|Win32
		{1377FD69-8B83-4DD9-9F3B-584A65C0215A}.Release|x86.Build.0 = Release|Win32
		{8E5C7792-7482-4783-8BDB-EBB60E3A9119}.Debug|x64.ActiveCfg = Debug|x64
		{8E5C7792-7482-4783-8BDB-EBB60E3A9119}.Debug|x64.Build.0 = Debug|x64
		{8E5C7792-7482-4783-8BDB-EBB60E3A9119}.Debug|x86.ActiveCfg = Debug|Win32
		{8E5C7792-7482-4783-8BDB-EBB60E3A9119}.Debug|x86.Build.0 = Debug|Win32
		{8E5C7792-7482-4783-8BDB-EBB60E3A9119}.Release|x64.ActiveCfg = Release|x64
		{8E5C7792-7482-4783-8BDB-EBB60E3A9119}.Release|x64.Build.0 = Release|x64
		{8E5C7792-7482-4783-8BDB-EBB60E3A9119}.Release|x86.ActiveCfg = Release|Win32
		{8E5C7792-7482-4783-8BDB-EBB60E3A9119}.Release|x86.Build.0 = Release|Win32
		{F860045D-19FD-4D45-AA8D-535C2E211979}.Debug|x64.ActiveCfg = Debug|x64
		{F860045D-19FD-4D45-AA8D-535C2E211979}.Debug|x64.Build.0 = Debug|x64
		{F860045D-19FD-4D45-AA8D-535C2E211979}.Debug|x86.ActiveCfg = Debug|Win32
		{F860045D-19FD-4D45-AA8D-535C2E211979}.Debug|x86.Build.0 = Debug|Win32
		{F860045D-19FD-4D45-AA8D-535C2E211979}.Release|x64.ActiveCfg = Release|x64
		{F860045D-19FD-4D45-AA8D-535C2E211979}.Release|x64.Build.0 = Release|x64
		{F860045D-19FD-4D45-AA8D-535C2E211979}.Release|x86.ActiveCfg = Release|Win32
		{F860045D-19FD-4D45-AA8D-535C2E211979}.Release|x86.Build.0 = Release|Win32
		{3E5EBDDF-BBE5-4D0A-8136-8AC12A949E1C}.Debug|x64.ActiveCfg = Debug|x64
		{3E5EBDDF-BBE5-4D0A-8136-8AC12A949E1C}.Debug|x64.Build.0 = Debug|x64
		{3E5EBDDF-BBE5-4D0A-8136-8AC12A949E1C}.Debug|x86.ActiveCfg = Debug|Win32
		{3E5EBDDF-BBE5-4D0A-8136-8AC12A949E1C}.Debug|x86.Build.0 = Debug|Win32
		{3E5EBDDF-BBE5-4D0A-8136-8AC12A949E1C}.Release|x64.ActiveCfg = Release|x64
		{3E5EBDDF-BBE5-4D0A-8136-8AC12A949E1C}.Release|x64.Build.0 = Release|x64
		{3E5EBDDF-BBE5-4D0A-8136-8AC12A949E1C}.Release|x86.ActiveCfg = Release|Win32
		{3E5EBDDF-BBE5-4D0A-8136-8AC12A949E1C}.Release|x86.Build.0 = Release|Win32
		{F88B70AB-3B90-49B6-A765-274EA30B0AAE}.Debug|x64.ActiveCfg = Debug|x64
		{F88B70AB-3B90-49B6-A765-274EA30B0AAE}.Debug|x64.Build.0 = Debug|x64
		{F88B70AB-3B90-49B6-A765-274EA30B0AAE}.Debug|x86.ActiveCfg = Debug|Win32
		{F88B70AB-3B90-49B6-A765-274EA30B0AAE}.Debug|x86.Build.0 = Debug|Win32
		{F88B70AB-3B90-49B6-A765-274EA30B0AAE}.Release|x64.ActiveCfg = Release|x64
		{F88B70AB-3B90-49B6-A765-274EA30B0AAE}.Release|x64.Build.0 = Release|x64
		{F88B70AB-3B90-49B6-A765-274EA30B0AAE}.Release|x86.ActiveCfg = Release|Win32
		{F88B70AB-3B90-49B6-A765-274EA30B0AAE}.Release|x86.Build.0 = Release|Win32
		{2E76F34A-741D-49D7-8C5D-68450B4BC39D}.Debug|x64.ActiveCfg = Debug|x64
		{2E76F34A-741D-49D7-8C5D-68450B4BC39D}.Debug|x64.Build.0 = Debug|x64
		{2E76F34A-741D-49D7-8C5D-68450B4BC39D}.Debug|x86.ActiveCfg = Debug|Win32
		{2E76F34A-741D-49D7-8C5D-68450B4BC39D}.Debug|x86.Build.0 = Debug|Win32
		{2E76F34A-741D-49D7-8C5D-68450B4BC39D}.Release|x64.ActiveCfg = Release|x64
		{2E76F34A-741D-49D7-8C5D-68450B4BC39D}.Release|x64.Build.0 = Release|x64
		{2E76F34A-741D-49D7-8C5D-68450B4BC39D}.Release|x86.ActiveCfg = Release|Win32
		{2E76F34A-741D-49D7-8C5D-68450B4BC39D}.Release|x86.Build.0 = Release|Win32
		{74374DBC-AFC4-4265-AF74-EC9B33186319}.Debug|x64.ActiveCfg = Debug|x64
		{74374DBC-AFC4-4265-AF74-EC9B33186319}.Debug|x64.Build.0 = Debug|x64
		{74374DBC-AFC4-4265-AF74-EC9B33186319}.Debug|x86.ActiveCfg = Debug|Win32
		{74374DBC-AFC4-4265-AF74-EC9B33186319}.Debug|x86.Build.0 = Debug|Win32
		{74374DBC-AFC4-4265-AF74-EC9B33186319}.Release|x64.ActiveCfg = Release|x64
		{74374DBC-AFC4-4265-AF74-EC9B33186319}.Release|x64.Build.0 = Release|x64
		{74374DBC-AFC4-4265-AF74-EC9B33186319}.Release|x86.ActiveCfg = Release|Win32
		{74374DBC-AFC4-4265-AF74-EC9B33186319}.Release|x86.Build.0 = Release|Win32
		{0A3B5BC9-8CD3-4EFD-8559-FCD8E7DC971D}.Debug|x64.ActiveCfg = Debug|x64
		{0A3B5BC9-8CD3-4EFD-8559-FCD8E7DC971D}.Debug|x64.Build.0 = Debug|x64
		{0A3B5BC9-8CD3-4EFD-8559-FCD8E7DC971D}.Debug|x86.ActiveCfg = Debug|Win32
		{0A3B5BC9-8CD3-4EFD-8559-FCD8E7DC971D}.Debug|x86.Build.0 = Debug|Win32
		{0A3B5BC9-8CD3-4EFD-8559-FCD8E7DC971D}.Release|x64.ActiveCfg = Release|x64
		{0A3B5BC9-8CD3-4EFD-8559-FCD8E7DC971D}.Release|x64.Build.0 = Release|x64
		{0A3B5BC9-8CD3-4EFD-8559-FCD8E7DC971D}.Release|x86.ActiveCfg = Release|Win32
		{0A3B5BC9-8CD3-4EFD-8559-FCD8E7DC971D}.Release|x86.Build.0 = Release|Win32
		{A72297C9-DC86-4180-8F0A-4A5AB2D3D173}.Debug|x64.ActiveCfg = Debug|x64
		{A72297C9-DC86-4180-8F0A-4A5AB2D3D173}.Debug|x64.Build.0 = Debug|x64
		{A72297C9-DC86-4180-8F0A-4A5AB2D3D173}.Debug|x86.ActiveCfg = Debug|Win32
		{A72297C9-DC86-4180-8F0A-4A5AB2D3D173}.Debug|x86.Build.0 = Debug|Win32
		{A72297C9-DC86-4180-8F0A-4A5AB2D3D173}.Release|x64.ActiveCfg = Release|x64
		{A72297C9-DC86-4180-8F0A-4A5AB2D3D173}.Release|x64.Build.0 = Release|x64
		{A72297C9-DC86-4180-8F0A-4A5AB2D3D173}.Release|x86.ActiveCfg = Release|Win32
		{A72297C9-DC86-4180-8F0A-4A5AB2D3D173}.Release|x86.Build.0 = Release|Win32
		{36C2BE02-7572-4C4F-9955-B2726673AE91}.Debug|x64.ActiveCfg = Debug|x64
		{36C2BE02-7572-4C4F-9955-B2726673AE91}.Debug|x64.Build.0 = Debug|x64
		{36C2BE02-7572-4C4F-9955-B2726673AE91}.Debug|x86.ActiveCfg = Debug|Win32
		{36C2BE02-7572-4C4F-9955-B2726673AE91}.Debug|x86.Build.0 = Debug|Win32
		{36C2BE02-7572-4C4F-9955-B2726673AE91}.Release|x64.ActiveCfg = Release|x64
		{36C2BE02-7572-4C4F-9955-B2726673AE91}.Release|x64.Build.0 = Release|x64
		{36C2BE02-7572-4C4F-9955-B2726673AE91}.Release|x86.ActiveCfg = Release|Win32
		{36C2BE02-7572-4C4F-9955-B2726673AE91}.Release|x86.Build.0 = Release|Win32
		{D08330F4-B81B-4ADD-B847-142F5F673E20}.Debug|x64.ActiveCfg = Debug|x64
		{D08330F4-B81B-4ADD-B847-142F5F673E20}.Debug|x64.Build.0 = Debug|x64
		{D08330F4-B81B-4ADD-B847-142F5F673E20}.Debug|x86.ActiveCfg = Debug|Win32
		{D08330F4-B81B-4ADD-B847-142F5F673E20}.Debug|x86.Build.0 = Debug|Win32
		{D08330F4-B81B-4ADD-B847-142F5F673E20}.Release|x64.ActiveCfg = Release|x64
		{D08330F4-B81B-4ADD-B847-142F5F673E20}.Release|x64.Build.0 = Release|x64
		{D08330F4-B81B-4ADD-B847-142F5F673E20}.Release|x86.ActiveCfg = Release|Win32
		{D08330F4-B81B-4ADD-B847-142F5F673E20}.Release|x86.Build.0 = Release|Win32
		{13EC0E58-5BFA-4453-A972-B65973D4F6AF}.Debug|x64.ActiveCfg = Debug|x64
		{13EC0E58-5BFA-4453-A972-B65973D4F6AF}.Debug|x64.Build.0 = Debug|x64
		{13EC0E58-5BFA-4453-A972-B65973D4F6AF}.Debug|x86.ActiveCfg = Debug|Win32
		{13EC0E58-5BFA-4453-A972-B65973D4F6AF}.Debug|x86.Build.0 = Debug|Win32
		{13EC0E58-5BFA-4453-A972-B65973D4F6AF}.Release|x64.ActiveCfg = Release|x64
		{13EC0E58-5BFA-4453-A972-B65973D4F6AF}.Release|x64.Build.0 = Release|x64
		{13EC0E58-5BFA-4453-A972-B65973D4F6AF}.Release|x86.ActiveCfg = Release|Win32
		{13EC0E58-5BFA-4453-A972-B65973D4F6AF}.Release|x86.Build.0 = Release|Win32
		{17B94DD0-C0F3-4241-8B11-227624CC6FB0}.Debug|x64.ActiveCfg = Debug|x64
		{17B94DD0-C0F3-4241-8B11-227624CC6FB0}.Debug|x64.Build.0 = Debug|x64
		{17B94DD0-C0F3-4241-8B11-227624CC6FB0}.Debug|x86.ActiveCfg = Debug|Win32
		{17B94DD0-C0F3-4241-8B11-227624CC6FB0}.Debug|x86.Build.0 = Debug|Win32
		{17B94DD0-C0F3-4241-8B11-227624CC6FB0}.Release|x64.ActiveCfg = Release|x64
		{17B94DD0-C0F3-4241-8B11-227624CC6FB0}.Release|x64.Build.0 = Release|x64
		{17B94DD0-C0F3-4241-8B11-227624CC6FB0}.Release|x86.ActiveCfg = Release|Win32
		{17B94DD0-C0F3-4241-8B11-227624CC6FB0}.Release|x86.Build.0 = Release|Win32
		{C86C35A5-56BF-4DF8-AA00-E1DB64FF9750}.Debug|x64.ActiveCfg = Debug|x64
		{C86C35A5-56BF-4DF8-AA00-E1DB64FF9750}.Debug|x64.Build.0 = Debug|x64
		{C86C35A5-56BF-4DF8-AA00-E1DB64FF9750}.Debug|x86.ActiveCfg = Debug|Win32
		{C86C35A5-56BF-4DF8-AA00-E1DB64FF9750}.Debug|x86.Build.0 = Debug|Win32
		{C86C35A5-56BF-4DF8-AA00-E1DB64FF9750}.Release|x64.ActiveCfg = Release|x64
		{C86C35A5-56BF-4DF8-AA00-E1DB64FF9750}.Release|x64.Build.0 = Release|x64
		{C86C35A5-56BF-4DF8-AA00-E1DB64FF9750}.Release|x86.ActiveCfg = Release|Win32
		{C86C35A5-56BF-4DF8-AA00-E1DB64FF9750}.Release|x86.Build.0 = Release|Win32
		{2D6B3D8C-8902-4881-B638-91DE07C4894C}.Debug|x64.ActiveCfg = Debug|x64
		{2D6B3D8C-8902-4881-B638-91DE07C4894C}.Debug|x64.Build.0 = Debug|x64
		{2D6B3D8C-8902-4881-B638-91DE07C4894C}.Debug|x86.ActiveCfg = Debug|Win32
		{2D6B3D8C-8902-4881-B638-91DE07C4894C}.Debug|x86.Build.0 = Debug|Win32
		{2D6B3D8C-8902-4881-B638-91DE07C4894C}.Release|x64.ActiveCfg = Release|x64
		{2D6B3D8C-8902-4881-B638-91DE07C4894C}.Release|x64.Build.0 = Release|x64
		{2D6B3D8C-8902-4881-B638-91DE07C4894C}.Release|x86.ActiveCfg = Release|Win32
		{2D6B3D8C-8902-4881-B638-91DE07C4894C}.Release|x86.Build.0 = Release|Win32
		{38653546-5135-4910-BA1B-E99F35C4AB87}.Debug|x64.ActiveCfg = Debug|x64
		{38653546-5135-4910-BA1B-E99F35C4AB87}.Debug|x64.Build.0 = Debug|x64
		{38653546-5135-4910-BA1B-E99F35C4AB87}.Debug|x86.ActiveCfg = Debug|Win32
		{38653546-5135-4910-BA1B-E99F35C4AB87}.Debug|x86.Build.0 = Debug|Win32
		{38653546-5135-4910-BA1B-E99F35C4AB87}.Release|x64.ActiveCfg = Release|x64
		{38653546-5135-4910-BA1B-E99F35C4AB87}.Release|x64.Build.0 = Release|x64
		{38653546-5135-4910-BA1B-E99F35C4AB87}.Release|x86.ActiveCfg = Release|Win32
		{38653546-5135-4910-BA1B-E99F35C4AB87}.Release|x86.Build.0 = Release|Win32
		{54BC809F-D2E3-4F62-A0CA-FFAC704F3129}.Debug|x64.ActiveCfg = Debug|x64
		{54BC809F-D2E3-4F62-A0CA-FFAC704F3129}.Debug|x64.Build.0 = Debug|x64
		{54BC809F-D2E3-4F62-A0CA-FFAC704F3129}.Debug|x86.ActiveCfg = Debug|Win32
		{54BC809F-D2E3-4F62-A0CA-FFAC704F3129}.Debug|x86.Build.0 = Debug|Win32
		{54BC809F-D2E3-4F62-A0CA-FFAC704F3129}.Release|x64.ActiveCfg = Release|x64
		{54BC809F-D2E3-4F62-A0CA-FFAC704F3129}.Release|x64.Build.0 = Release|x64
		{54BC809F-D2E3-4F62-A0CA-FFAC704F3129}.Release|x86.ActiveCfg = Release|Win32
		{54BC809F-D2E3-4F62-A0CA-FFAC704F3129}.Release|x86.Build.0 = Release|Win32
		{6D250F5B-1787-4FB5-9AD1-DB2F42D47B00}.Debug|x64.ActiveCfg = Debug|x64
		{6D250F5B-1787-4FB5-9AD1-DB2F42D47B00}.Debug|x64.Build.0 = Debug|x64
		{6D250F5B-1787-4FB5-9AD1-DB2F42D47B00}.Debug|x86.ActiveCfg = Debug|Win32
		{6D250F5B-1787-4FB5-9AD1-DB2F42D47B00}.Debug|x86.Build.0 = Debug|Win32
		{6D250F5B-1787-4FB5-9AD1-DB2F42D47B00}.Release|x64.ActiveCfg = Release|x64
		{6D250F5B-1787-4FB5-9AD1-DB2F42D47B00}.Release|x64.Build.0 = Release|x64
		{6D250F5B-1787-4FB5-9AD1-DB2F42D47B00}.Release|x86.ActiveCfg = Release|Win32
		{6D250F5B-1787-4FB5-9AD1-DB2F42D47B00}.Release|x86.Build.0 = Release|Win32
		{526468EC-660E-470C-9FF7-9D04051EB5F3}.Debug|x64.ActiveCfg = Debug|x64
		{526468EC-660E-470C-9FF7-9D04051EB5F3}.Debug|x64.Build.0 = Debug|x64
		{526468EC-660E-470C-9FF7-9D04051EB5F3}.Debug|x86.ActiveCfg = Debug|Win32
		{526468EC-660E-470C-9FF7-9D04051EB5F3}.Debug|x86.Build.0 = Debug|Win32
		{526468EC-660E-470C-9FF7-9D04051EB5F3}.Release|x64.ActiveCfg = Release|x64
		{526468EC-660E-470C-9FF7-9D04051EB5F3}.Release|x64.Build.0 = Release|x64
		{526468EC-660E-470C-9FF7-9D04051EB5F3}.Release|x86.ActiveCfg = Release|Win32
		{526468EC-660E-470C-9FF7-9D04051EB5F3}.Release|x86.Build.0 = Release|Win32
		{F88CB474-01FB-4E49-97CA-1E8AAEFB744C}.Debug|x64.ActiveCfg = Debug|x64
		{F88CB474-01FB-4E49-97CA-1E8AAEFB744C}.Debug|x64.Build.0 = Debug|x64
		{F88CB474-01FB-4E49-97CA-1E8AAEFB744C}.Debug|x86.ActiveCfg = Debug|Win32
		{F88CB474-01FB-4E49-97CA-1E8AAEFB744C}.Debug|x86.Build.0 = Debug|Win32
		{F88CB474-01FB-4E49-97CA-1E8AAEFB744C}.Release|x64.ActiveCfg = Release|x64
		{F88CB474-01FB-4E49-97CA-1E8AAEFB744C}.Release|x64.Build.0 = Release|x64
		{F88CB474-01FB-4E49-97CA-1E8AAEFB744C}.Release|x86.ActiveCfg = Release|Win32
		{F88CB474-01FB-4E49-97CA-1E8AAEFB744C}.Release|x86.Build.0 = Release|Win32
		{76260400-4696-4257-BC0C-DF7F79597D61}.Debug|x64.ActiveCfg = Debug|x64
		{76260400-4696-4257-BC0C-DF7F79597D61}.Debug|x64.Build.0 = Debug|x64
		{76260400-4696-4257-BC0C-DF7F79597D61}.Debug|x86.ActiveCfg = Debug|Win32
		{76260400-4696-4257-BC0C-DF7F79597D61}.Debug|x86.Build.0 = Debug|Win32
		{76260400-4696-4257-BC0C-DF7F79597D61}.Release|x64.ActiveCfg = Release|x64
		{76260400-4696-4257-BC0C-DF7F79597D61}.Release|x64.Build.0 = Release|x64
		{76260400-4696-4257-BC0C-DF7F79597D61}.Release|x86.ActiveCfg = Release|Win32
		{76260400-4696-4257-BC0C-DF7F79597D61}.Release|x86.Build.0 = Release|Win32
		{2AE22E21-7340-4E9B-A899-6FB83B994B0C}.Debug|x64.ActiveCfg = Debug|x64
		{2AE22E21-7340-4E9B-A899-6FB83B994B0C}.Debug|x64.Build.0 = Debug|x64
		{2AE22E21-7340-4E9B-A899-6FB83B994B0C}.Debug|x86.ActiveCfg = Debug|Win32
		{2AE22E21-7340-4E9B-A899-6FB83B994B0C}.Debug|x86.Build.0 = Debug|Win32
		{2AE22E21-7340-4E9B-A899-6FB83B994B0C}.Release|x64.ActiveCfg = Release|x64
		{2AE22E21-7340-4E9B-A899-6FB83B994B0C}.Release|x64.Build.0 = Release|x64
		{2AE22E21-7340-4E9B-A899-6FB83B994B0C}.Release|x86.ActiveCfg = Release|Win32
		{2AE22E21-7340-4E9B-A899-6FB83B994B0C}.Release|x86.Build.0 = Release|Win32
		{CCD3DC25-555B-4D2E-9F2A-1FB1F97C35AA}.Debug|x64.ActiveCfg = Debug|x64
		{CCD3DC25-555B-4D2E-9F2A-1FB1F97C35AA}.Debug|x64.Build.0 = Debug|x64
		{CCD3DC25-555B-4D2E-9F2A-1FB1F97C35AA}.Debug|x86.ActiveCfg = Debug|Win32
		{CCD3DC25-555B-4D2E-9F2A-1FB1F97C35AA}.Debug|x86.Build.0 = Debug|Win32
		{CCD3DC25-555B-4D2E-9F2A-1FB1F97C35AA}.Release|x64.ActiveCfg = Release|x64
		{CCD3DC25-555B-4D2E-9F2A-1FB1F97C35AA}.Release|x64.Build.0 = Release|x64
		{CCD3DC25-555B-4D2E-9F2A-1FB1F97C35AA}.Release|x86.ActiveCfg = Release|Win32
		{CCD3DC25-555B-4D2E-9F2A-1FB1F97C35AA}.Release|x86.Build.0 = Release|Win32
		{DE58D53D-1422-4DB2-AA90-DF13B6D7CF5C}.Debug|x64.ActiveCfg = Debug|x64
		{DE58D53D-1422-4DB2-AA90-DF13B6D7CF5C}.Debug|x64.Build.0 = Debug|x64
		{DE58D53D-1422-4DB2-AA90-DF13B6D7CF5C}.Debug|x86.ActiveCfg = Debug|Win32
		{DE58D53D-1422-4DB2-AA90-DF13B6D7CF5C}.Debug|x86.Build.0 = Debug|Win32
		{DE58D53D-1422-4DB2-AA90-DF13B6D7CF5C}.Release|x64.ActiveCfg = Release|x64
		{DE58D53D-1422-4DB2-AA90-DF13B6D7CF5C}.Release|x64.Build.0 = Release|x64
		{DE58D53D-1422-4DB2-AA90-DF13B6D7CF5C}.Release|x86.ActiveCfg = Release|Win32
		{DE58D53D-1422-4DB2-AA90-DF13B6D7CF5C}.Release|x86.Build.0 = Release|Win32
		{B49EEAD0-BDD8-4F61-8AD2-C26689021BC9}.Debug|x64.ActiveCfg = Debug|x64
		{B49EEAD0-BDD8-4F61-8AD2-C26689021BC9}.Debug|x64.Build.0 = Debug|x64
		{B49EEAD0-BDD8-4F61-8AD2-C26689021BC9}.Debug|x86.ActiveCfg = Debug|Win32
		{B49EEAD0-BDD8-4F61-8AD2-C26689021BC9}.Debug|x86.Build.0 = Debug|Win32
		{B49EEAD0-BDD8-4F61-8AD2-C26689021BC9}.Release|x64.ActiveCfg = Release|x64
		{B49EEAD0-BDD8-4F61-8AD2-C26689021BC9}.Release|x64.Build.0 = Release|x64
		{B49EEAD0-BDD8-4F61-8AD2-C26689021BC9}.Release|x86.ActiveCfg = Release|Win32
		{B49EEAD0-BDD8-4F61-8AD2-C26689021BC9}.Release|x86.Build.0 = Release|Win32
		{CAEECDA0-077A-4EB2-882F-2A136CDB588E}.Debug|x64.ActiveCfg = Debug|x64
		{CAEECDA0-077A-4EB2-882F-2A136CDB588E}.Debug|x64.Build.0 = Debug|x64
		{CAEECDA0-077A-4EB2-882F-2A136CDB588E}.Debug|x86.ActiveCfg = Debug|Win32
		{CAEECDA0-077A-4EB2-882F-2A136CDB588E}.Debug|x86.Build.0 = Debug|Win32
		{CAEECDA0-077A-4EB2-882F-2A136CDB588E}.Release|x64.ActiveCfg = Release|x64
		{CAEECDA0-077A-4EB2-882F-2A136CDB588E}.Release|x64.Build.0 = Release|x64
		{CAEECDA0-077A-4EB2-882F-2A136CDB588E}.Release|x86.ActiveCfg = Release|Win32
		{CAEECDA0-077A-4EB2-882F-2A136CDB588E}.Release|x86.Build.0 = Release|Win32
		{57CBD55A-99C6-48D5-8E2F-36A0C95AA3D6}.Debug|x64.ActiveCfg = Debug|x64
		{57CBD55A-99C6-48D5-8E2F-36A0C95AA3D6}.Debug|x64.Build.0 = Debug|x64
		{57CBD55A-99C6-48D5-8E2F-36A0C95AA3D6}.Debug|x86.ActiveCfg = Debug|Win32
		{57CBD55A-99C6-48D5-8E2F-36A0C95AA3D6}.Debug|x86.Build.0 = Debug|Win32
		{57CBD55A-99C6-48D5-8E2F-36A0C95AA3D6}.Release|x64.ActiveCfg = Release|x64
		{57CBD55A-99C6-48D5-8E2F-36A0C95AA3D6}.Release|x64.Build.0 = Release|x64
		{57CBD55A-99C6-48D5-8E2F-36A0C95AA3D6}.Release|x86.ActiveCfg = Release|Win32
		{57CBD55A-99C6-48D5-8E2F-36A0C95AA3D6}.Release|x86.Build.0 = Release|Win32
		{33324065-E8D0-4F22-B94F-92CB0875B11C}.Debug|x64.ActiveCfg = Debug|x64
		{33324065-E8D0-4F22-B94F-92CB0875B11C}.Debug|x64.Build.0 = Debug|x64
		{33324065-E8D0-4F22-B94F-92CB0875B11C}.Debug|x86.ActiveCfg = Debug|Win32
		{33324065-E8D0-4F22-B94F-92CB0875B11C}.Debug|x86.Build.0 = Debug|Win32
		{33324065-E8D0-4F22-B94F-92CB0875B11C}.Release|x64.ActiveCfg = Release|x64
		{33324065-E8D0-4F22-B94F-92CB0875B11C}.Release|x64.Build.0 = Release|x64
		{33324065-E8D0-4F22-B94F-92CB0875B11C}.Release|x86.ActiveCfg = Release|Win32
		{33324065-E8D0-4F22-B94F-92CB0875B11C}.Release|x86.Build.0 = Release|Win32
		{8CBB0E27-9AA8-4E77-8C14-2A938215E607}.Debug|x64.ActiveCfg = Debug|x64
		{8CBB0E27-9AA8-4E77-8C14-2A938215E607}.Debug|x64.Build.0 = Debug|x64
		{8CBB0E27-9AA8-4E77-8C14-2A938215E607}.Debug|x86.ActiveCfg = Debug|Win32
		{8CBB0E27-9AA8-4E77-8C14-2A938215E607}.Debug|x86.Build.0 = Debug|Win32
		{8CBB0E27-9AA8-4E77-8C14-2A938215E607}.Release|x64.ActiveCfg = Release|x64
		{8CBB0E27-9AA8-4E77-8C14-2A938215E607}.Release|x64.Build.0 = Release|x64
		{8CBB0E27-9AA8-4E77-8C14-2A938215E607}.Release|x86.ActiveCfg = Release|Win32
		{8CBB0E27-9AA8-4E77-8C14-2A938215E607}.Release|x86.Build.0 = Release|Win32
		{3225691F-B799-40FA-98C1-636203C5CED0}.Debug|x64.ActiveCfg = Debug|x64
		{3225691F-B799-40FA-98C1-636203C5CED0}.Debug|x64.Build.0 = Debug|x64
		{3225691F-B799-40FA-98C1-636203C5CED0}.Debug|x86.ActiveCfg = Debug|Win32
		{3225691F-B799-40FA-98C1-636203C5CED0}.Debug|x86.Build.0 = Debug|Win32
		{3225691F-B799-40FA-98C1-636203C5CED0}.Release|x64.ActiveCfg = Release|x64
		{3225691F-B799-40FA-98C1-636203C5CED0}.Release|x64.Build.0 = Release|x64
		{3225691F-B799-40FA-98C1-636203C5CED0}.Release|x86.ActiveCfg = Release|Win32
		{3225691F-B799-40FA-98C1-636203C5CED0}.Release|x86.Build.0 = Release|Win32
		{FA28D701-DF75-4F93-8373-48640F58C86E}.Debug|x64.ActiveCfg = Debug|x64
		{FA28D701-DF75-4F93-8373-48640F58C86E}.Debug|x64.Build.0 = Debug|x64
		{FA28D701-DF75-4F93-8373-48640F58C86E}.Debug|x86.ActiveCfg = Debug|Win32
		{FA28D701-DF75-4F93-8373-48640F58C86E}.Debug|x86.Build.0 = Debug|Win32
		{FA28D701-DF75-4F93-8373-48640F58C86E}.Release|x64.ActiveCfg = Release|x64
		{FA28D701-DF75-4F93-8373-48640F58C86E}.Release|x64.Build.0 = Release|x64
		{FA28D701-DF75-4F93-8373-48640F58C86E}.Release|x86.ActiveCfg = Release|Win32
		{FA28D701-DF75-4F93-8373-48640F58C86E}.Release|x86.Build.0 = Release|Win32
		{FCA6D0E3-6455-4E4D-9E79-DAA46E57002E}.Debug|x64.ActiveCfg = Debug|x64
		{FCA6D0E3-6455-4E4D-9E79-DAA46E57002E}.Debug|x64.Build.0 = Debug|x64
		{FCA6D0E3-6455-4E4D-9E79-DAA46E57002E}.Debug|x86.ActiveCfg = Debug|Win32
		{FCA6D0E3-6455-4E4D-9E79-DAA46E57002E}.Debug|x86.Build.0 = Debug|Win32
		{FCA6D0E3-6455-4E4D-9E79-DAA46E57002E}.Release|x64.ActiveCfg = Release|x64
		{FCA6D0E3-6455-4E4D-9E79-DAA46E57002E}.Release|x64.Build.0 = Release|x64
		{FCA6D0E3-6455-4E4D-9E79-DAA46E57002E}.Release|x86.ActiveCfg = Release|Win32
		{FCA6D0E3-6455-4E4D-9E79-DAA46E57002E}.Release|x86.Build.0 = Release|Win32
		{B74773E0-87AD-4893-A655-084A2D78509B}.Debug|x64.ActiveCfg = Debug|x64
		{B74773E0-87AD-4893-A655-084A2D78509B}.Debug|x64.Build.0 = Debug|x64
		{B74773E0-87AD-4893-A655-084A2D78509B}.Debug|x86.ActiveCfg = Debug|Win32
		{B74773E0-87AD-4893-A655-084A2D78509B}.Debug|x86.Build.0 = Debug|Win32
		{B74773E0-87AD-4893-A655-084A2D78509B}.Release|x64.ActiveCfg = Release|x64
		{B74773E0-87AD-4893-A655-084A2D78509B}.Release|x64.Build.0 = Release|x64
		{B74773E0-87AD-4893-A655-084A2D78509B}.Release|x86.ActiveCfg = Release|Win32
		{B74773E0-87AD-4893-A655-084A2D78509B}.Release|x86.Build.0 = Release|Win32
		{2D9D4057-FCE2-4AEA-9B72-BE6D30ECA056}.Debug|x64.ActiveCfg = Debug|x64
		{2D9D4057-FCE2-4AEA-9B72-BE6D30ECA056}.Debug|x64.Build.0 = Debug|x64
		{2D9D4057-FCE2-4AEA-9B72-BE6D30ECA056}.Debug|x86.ActiveCfg = Debug|Win32
		{2D9D4057-FCE2-4AEA-9B72-BE6D30ECA056}.Debug|x86.Build.0 = Debug|Win32
		{2D9D4057-FCE2-4AEA-9B72-BE6D30ECA056}.Release|x64.ActiveCfg = Release|x64
		{2D9D4057-FCE2-4AEA-9B72-BE6D30ECA056}.Release|x64.Build.0 = Release|x64
		{2D9D4057-FCE2-4AEA-9B72-BE6D30ECA056}.Release|x86.ActiveCfg = Release|Win32
		{2D9D4057-FCE2-4AEA-9B72-BE6D30ECA056}.Release|x86.Build.0 = Release|Win32
		{8B79C8C9-1306-4C27-8986-8734FB28814E}.Debug|x64.ActiveCfg = Debug|x64
		{8B79C8C9-1306-4C27-8986-8734FB28814E}.Debug|x64.Build.0 = Debug|x64
		{8B79C8C9-1306-4C27-8986-8734FB28814E}.Debug|x86.ActiveCfg = Debug|Win32
		{8B79C8C9-1306-4C27-8986-8734FB28814E}.Debug|x86.Build.0 = Debug|Win32
		{8B79C8C9-1306-4C27-8986-8734FB28814E}.Release|x64.ActiveCfg = Release|x64
		{8B79C8C9-1306-4C27-8986-8734FB28814E}.Release|x64.Build.0 = Release|x64
		{8B79C8C9-1306-4C27-8986-8734FB28814E}.Release|x86.ActiveCfg = Release|Win32
		{8B79C8C9-1306-4C27-8986-8734FB28814E}.Release|x86.Build.0 = Release|Win32
		{D38938A2-12FF-4ED2-A01D-76A43DC3CCE7}.Debug|x64.ActiveCfg = Debug|x64
		{D38938A2-12FF-4ED2-A01D-76A43DC3CCE7}.Debug|x64.Build.0 = Debug|x64
		{D38938A2-12FF-4ED2-A01D-76A43DC3CCE7}.Debug|x86.ActiveCfg = Debug|Win32
		{D38938A2-12FF-4ED2-A01D-76A43DC3CCE7}.Debug|x86.Build.0 = Debug|Win32
		{D38938A2-12FF-4ED2-A01D-76A43DC3CCE7}.Release|x64.ActiveCfg = Release|x64
		{D38938A2-12FF-4ED2-A01D-76A43DC3CCE7}.Release|x64.Build.0 = Release|x64
		{D38938A2-12FF-4ED2-A01D-76A43DC3CCE7}.Release|x86.ActiveCfg = Release|Win32
		{D38938A2-12FF-4ED2-A01D-76A43DC3CCE7}.Release|x86.Build.0 = Release|Win32
		{C018D19F-089A-42F7-B325-7C3A36B23B17}.Debug|x64.ActiveCfg = Debug|x64
		{C018D19F-089A-42F7-B325-7C3A36B23B17}.Debug|x64.Build.0 = Debug|x64
		{C018D19F-089A-42F7-B325-7C3A36B23B17}.Debug|x86.ActiveCfg = Debug|Win32
		{C018D19F-089A-42F7-B325-7C3A36B23B17}.Debug|x86.Build.0 = Debug|Win32
		{C018D19F-089A-42F7-B325-7C3A36B23B17}.Release|x64.ActiveCfg = Release|x64
		{C018D19F-089A-42F7-B325-7C3A36B23B17}.Release|x64.Build.0 = Release|x64
		{C018D19F-089A-42F7-B325-7C3A36B23B17}.Release|x86.ActiveCfg = Release|Win32
		{C018D19F-089A-42F7-B325-7C3A36B23B17}.Release|x86.Build.0 = Release|Win32
		{F58F3F68-FA16-4AF8-B644-2797A9ECF69A}.Debug|x64.ActiveCfg = Debug|x64
		{F58F3F68-FA16-4AF8-B644-2797A9ECF69A}.Debug|x64.Build.0 = Debug|x64
		{F58F3F68-FA16-4AF8-B644-2797A9ECF69A}.Debug|x86.ActiveCfg = Debug|Win32
		{F58F3F68-FA16-4AF8-B644-2797A9ECF69A}.Debug|x86.Build.0 = Debug|Win32
		{F58F3F68-FA16-4AF8-B644-2797A9ECF69A}.Release|x64.ActiveCfg = Release|x64
		{F58F3F68-FA16-4AF8-B644-2797A9ECF69A}.Release|x64.Build.0 = Release|x64
		{F58F3F68-FA16-4AF8-B644-2797A9ECF69A}.Release|x86.ActiveCfg = Release|Win32
		{F58F3F68-FA16-4AF8-B644-2797A9ECF69A}.Release|x86.Build.0 = Release|Win32
		{27C55C77-B234-4F42-B5FB-86D89D3F0906}.Debug|x64.ActiveCfg = Debug|x64
		{27C55C77-B234-4F42-B5FB-86D89D3F0906}.Debug|x64.Build.0 = Debug|x64
		{27C55C77-B234-4F42-B5FB-86D89D3F0906}.Debug|x86.ActiveCfg = Debug|Win32
		{27C55C77-B234-4F42-B5FB-86D89D3F0906}.Debug|x86.Build.0 = Debug|Win32
		{27C55C77-B234-4F42-B5FB-86D89D3F0906}.Release|x64.ActiveCfg = Release|x64
		{27C55C77-B234-4F42-B5FB-86D89D3F0906}.Release|x64.Build.0 = Release|x64
		{27C55C77-B234-4F42-B5FB-86D89D3F0906}.Release|x86.ActiveCfg = Release|Win32
		{27C55C77-B234-4F42-B5FB-86D89D3F0906}.Release|x86.Build.0 = Release|Win32
		{FD5B74DA-A4C8-4E8C-ABA8-7E7B840A1B4F}.Debug|x64.ActiveCfg = Debug|x64
		{FD5B74DA-A4C8-4E8C-ABA8-7E7B840A1B4F}.Debug|x64.Build.0 = Debug|x64
		{FD5B74DA-A4C8-4E8C-ABA8-7E7B840A1B4F}.Debug|x86.ActiveCfg = Debug|Win32
		{FD5B74DA-A4C8-4E8C-ABA8-7E7B840A1B4F}.Debug|x86.Build.0 = Debug|Win32
		{FD5B74DA-A4C8-4E8C-ABA8-7E7B840A1B4F}.Release|x64.ActiveCfg = Release|x64
		{FD5B74DA-A4C8-4E8C-ABA8-7E7B840A1B4F}.Release|x64.Build.0 = Release|x64
		{FD5B74DA-A4C8-4E8C-ABA8-7E7B840A1B4F}.Release|x86.ActiveCfg = Release|Win32
		{FD5B74DA-A4C8-4E8C-ABA8-7E7B840A1B4F}.Release|x86.Build.0 = Release|Win32
		{9FD18C04-8164-4EDA-97A5-EC599FF8C3B5}.Debug|x64.ActiveCfg = Debug|x64
		{9FD18C04-8164-4EDA-97A5-EC599FF8C3B5}.Debug|x64.Build.0 = Debug|x64
		{9FD18C04-8164-4EDA-97A5-EC599FF8C3B5}.Debug|x86.ActiveCfg = Debug|Win32
		{9FD18C04-8164-4EDA-97A5-EC599FF8C3B5}.Debug|x86.Build.0 = Debug|Win32
		{9FD18C04-8164-4EDA-97A5-EC599FF8C3B5}.Release|x64.ActiveCfg = Release|x64
		{9FD18C04-8164-4EDA-97A5-EC599FF8C3B5}.Release|x64.Build.0 = Release|x64
		{9FD18C04-8164-4EDA-97A5-EC599FF8C3B5}.Release|x86.ActiveCfg = Release|Win32
		{9FD18C04-8164-4EDA-97A5-EC599FF8C3B5}.Release|x86.Build.0 = Release|Win32
		{DD1BA105-4D0B-4AB1-B8CD-4D264FAC4F73}.Debug|x64.ActiveCfg = Debug|x64
		{DD1BA105-4D0B-4AB1-B8CD-4D264FAC4F73}.Debug|x64.Build.0 = Debug|x64
		{DD1BA105-4D0B-4AB1-B8CD-4D264FAC4F73}.Debug|x86.ActiveCfg = Debug|Win32
		{DD1BA105-4D0B-4AB1-B8CD-4D264FAC4F73}.Debug|x86.Build.0 = Debug|Win32
		{DD1BA105-4D0B-4AB1-B8CD-4D264FAC4F73}.Release|x64.ActiveCfg = Release|x64
		{DD1BA105-4D0B-4AB1-B8CD-4D264FAC4F73}.Release|x64.Build.0 = Release|x64
		{DD1BA105-4D0B-4AB1-B8CD-4D264FAC4F73}.Release|x86.ActiveCfg = Release|Win32
		{DD1BA105-4D0B-4AB1-B8CD-4D264FAC4F73}.Release|x86.Build.0 = Release|Win32
		{51EC6B71-196A-465F-ADC5-DB8A236FB8AA}.Debug|x64.ActiveCfg = Debug|x64
		{51EC6B71-196A-465F-ADC5-DB8A236FB8AA}.Debug|x64.Build.0 = Debug|x64
		{51EC6B71-196A-465F-ADC5-DB8A236FB8AA}.Debug|x86.ActiveCfg = Debug|Win32
		{51EC6B71-196A-465F-ADC5-DB8A236FB8AA}.Debug|x86.Build.0 = Debug|Win32
		{51EC6B71-196A-465F-ADC5-DB8A236FB8AA}.Release|x64.ActiveCfg = Release|x64
		{51EC6B71-196A-465F-ADC5-DB8A236FB8AA}.Release|x64.Build.0 = Release|x64
		{51EC6B71-196A-465F-ADC5-DB8A236FB8AA}.Release|x86.ActiveCfg = Release|Win32
		{51EC6B71-196A-465F-ADC5-DB8A236FB8AA}.Release|x86.Build.0 = Release|Win32
		{BFC55C4F-A6C5-43ED-B213-1129BC9C9241}.Debug|x64.ActiveCfg = Debug|x64
		{BFC55C4F-A6C5-43ED-B213-1129BC9C9241}.Debug|x64.Build.0 = Debug|x64
		{BFC55C4F-A6C5-43ED-B213-1129BC9C9241}.Debug|x86.ActiveCfg = Debug|Win32
		{BFC55C4F-A6C5-43ED-B213-1129BC9C9241}.Debug|x86.Build.0 = Debug|Win32
		{BFC55C4F-A6C5-43ED-B213-1129BC9C9241}.Release|x64.ActiveCfg = Release|x64
		{BFC55C4F-A6C5-43ED-B213-1129BC9C9241}.Release|x64.Build.0 = Release|x64
		{BFC55C4F-A6C5-43ED-B213-1129BC9C9241}.Release|x86.ActiveCfg = Release|Win32
		{BFC55C4F-A6C5-43ED-B213-1129BC9C9241}.Release|x86.Build.0 = Release|Win32
		{51AF68AB-9C85-461C-B083-B68B2A032588}.Debug|x64.ActiveCfg = Debug|x64
		{51AF68AB-9C85-461C-B083-B68B2A032588}.Debug|x64.Build.0 = Debug|x64
		{51AF68AB-9C85-461C-B083-B68B2A032588}.Debug|x86.ActiveCfg = Debug|Win32
		{51AF68AB-9C85-461C-B083-B68B2A032588}.Debug|x86.Build.0 = Debug|Win32
		{51AF68AB-9C85-461C-B083-B68B2A032588}.Release|x64.ActiveCfg = Release|x64
		{51AF68AB-9C85-461C-B083-B68B2A032588}.Release|x64.Build.0 = Release|x64
		{51AF68AB-9C85-461C-B083-B68B2A032588}.Release|x86.ActiveCfg = Release|Win32
		{51AF68AB-9C85-461C-B083-B68B2A032588}.Release|x86.Build.0 = Release|Win32
		{BEC91414-AA1B-47CC-B20C-40CB97AB309E}.Debug|x64.ActiveCfg = Debug|x64
		{BEC91414-AA1B-47CC-B20C-40CB97AB309E}.Debug|x64.Build.0 = Debug|x64
		{BEC91414-AA1B-47CC-B20C-40CB97AB309E}.Debug|x86.ActiveCfg = Debug|Win32
		{BEC91414-AA1B-47CC-B20C-40CB97AB309E}.Debug|x86.Build.0 = Debug|Win32
		{BEC91414-AA1B-47CC-B20C-40CB97AB309E}.Release|x64.ActiveCfg = Release|x64
		{BEC91414-AA1B-47CC-B20C-40CB97AB309E}.Release|x64.Build.0 = Release|x64
		{BEC91414-AA1B-47CC-B20C-40CB97AB309E}.Release|x86.ActiveCfg = Release|Win32
		{BEC91414-AA1B-47CC-B20C-40CB97AB309E}.Release|x86.Build.0 = Release|Win32
		{A06CCE73-6EFC-4B52-817D-998C640E82C7}.Debug|x64.ActiveCfg = Debug|x64
		{A06CCE73-6EFC-4B52-817D-998C640E82C7}.Debug|x64.Build.0 = Debug|x64
		{A06CCE73-6EFC-4B52-817D-998C640E82C7}.Debug|x86.ActiveCfg = Debug|Win32
		{A06CCE73-6EFC-4B52-817D-998C640E82C7}.Debug|x86.Build.0 = Debug|Win32
		{A06CCE73-6EFC-4B52-817D-998C640E82C7}.Release|x64.ActiveCfg = Release|x64
		{A06CCE73-6EFC-4B52-817D-998C640E82C7}.Release|x64.Build.0 = Release|x64
		{A06CCE73-6EFC-4B52-817D-998C640E82C7}.Release|x86.ActiveCfg = Release|Win32
		{A06CCE73-6EFC-4B52-817D-998C640E82C7}.Release|x86.Build.0 = Release|Win32
		{6C8D35D0-D5DC-490A-96EE-BB61C0D32E49}.Debug|x64.ActiveCfg = Debug|x64
		{6C8D35D0-D5DC-490A-96EE-BB61C0D32E49}.Debug|x64.Build.0 = Debug|x64
		{6C8D35D0-D5DC-490A-96EE-BB61C0D32E49}.Debug|x86.ActiveCfg = Debug|Win32
		{6C8D35D0-D5DC-490A-96EE-BB61C0D32E49}.Debug|x86.Build.0 = Debug|Win32
		{6C8D35D0-D5DC-490A-96EE-BB61C0D32E49}.Release|x64.ActiveCfg = Release|x64
		{6C8D35D0-D5DC-490A-96EE-BB61C0D32E49}.Release|x64.Build.0 = Release|x64
		{6C8D35D0-D5DC-490A-96EE-BB61C0D32E49}.Release|x86.ActiveCfg = Release|Win32
		{6C8D35D0-D5DC-490A-96EE-BB61C0D32E49}.Release|x86.Build.0 = Release|Win32
	EndGlobalSection
	GlobalSection(SolutionProperties) = preSolution
		HideSolutionNode = FALSE
	EndGlobalSection
	GlobalSection(ExtensibilityGlobals) = postSolution
		SolutionGuid = {0C8D9E86-190E-4721-A749-886FA0F05F11}
	EndGlobalSection
EndGlobal
